
Microsoft Visual Studio Solution File, Format Version 12.00
# Visual Studio 15
VisualStudioVersion = 15.0.27428.2015
MinimumVisualStudioVersion = 10.0.40219.1
Project("{FAE04EC0-301F-11D3-BF4B-00C04F79EFBC}") = "SesliHarf", "SesliHarf\SesliHarf.csproj", "{898C2E55-0956-45C6-AA4B-3A0F997623C2}"
EndProject
Project("{FAE04EC0-301F-11D3-BF4B-00C04F79EFBC}") = "Foreach", "Foreach\Foreach.csproj", "{E28DA303-334F-4A1C-9939-EF044FE2882A}"
EndProject
Project("{FAE04EC0-301F-11D3-BF4B-00C04F79EFBC}") = "Takim Oyunu", "Takim Oyunu\Takim Oyunu.csproj", "{7114836A-93DA-447F-9EC4-E3108BB6FF80}"
EndProject
Global
	GlobalSection(SolutionConfigurationPlatforms) = preSolution
		Debug|Any CPU = Debug|Any CPU
		Release|Any CPU = Release|Any CPU
	EndGlobalSection
	GlobalSection(ProjectConfigurationPlatforms) = postSolution
		{898C2E55-0956-45C6-AA4B-3A0F997623C2}.Debug|Any CPU.ActiveCfg = Debug|Any CPU
		{898C2E55-0956-45C6-AA4B-3A0F997623C2}.Debug|Any CPU.Build.0 = Debug|Any CPU
		{898C2E55-0956-45C6-AA4B-3A0F997623C2}.Release|Any CPU.ActiveCfg = Release|Any CPU
		{898C2E55-0956-45C6-AA4B-3A0F997623C2}.Release|Any CPU.Build.0 = Release|Any CPU
		{E28DA303-334F-4A1C-9939-EF044FE2882A}.Debug|Any CPU.ActiveCfg = Debug|Any CPU
		{E28DA303-334F-4A1C-9939-EF044FE2882A}.Debug|Any CPU.Build.0 = Debug|Any CPU
		{E28DA303-334F-4A1C-9939-EF044FE2882A}.Release|Any CPU.ActiveCfg = Release|Any CPU
		{E28DA303-334F-4A1C-9939-EF044FE2882A}.Release|Any CPU.Build.0 = Release|Any CPU
		{7114836A-93DA-447F-9EC4-E3108BB6FF80}.Debug|Any CPU.ActiveCfg = Debug|Any CPU
		{7114836A-93DA-447F-9EC4-E3108BB6FF80}.Debug|Any CPU.Build.0 = Debug|Any CPU
		{7114836A-93DA-447F-9EC4-E3108BB6FF80}.Release|Any CPU.ActiveCfg = Release|Any CPU
		{7114836A-93DA-447F-9EC4-E3108BB6FF80}.Release|Any CPU.Build.0 = Release|Any CPU
	EndGlobalSection
	GlobalSection(SolutionProperties) = preSolution
		HideSolutionNode = FALSE
	EndGlobalSection
	GlobalSection(ExtensibilityGlobals) = postSolution
		SolutionGuid = {89405255-6166-4D56-AF12-FC57770A5E1B}
	EndGlobalSection
EndGlobal
